
Microsoft Visual Studio Solution File, Format Version 12.00
# Visual Studio Version 17
VisualStudioVersion = 17.14.36401.2 d17.14
MinimumVisualStudioVersion = 10.0.40219.1
Project("{FAE04EC0-301F-11D3-BF4B-00C04F79EFBC}") = "Projekat3_Zadatak18-2.1", "Projekat3_Zadatak18-2.1\Projekat3_Zadatak18-2.1.csproj", "{37485D8B-B6F6-4339-AB3F-9D339C7A4189}"
EndProject
Global
	GlobalSection(SolutionConfigurationPlatforms) = preSolution
		Debug|Any CPU = Debug|Any CPU
		Release|Any CPU = Release|Any CPU
	EndGlobalSection
	GlobalSection(ProjectConfigurationPlatforms) = postSolution
		{37485D8B-B6F6-4339-AB3F-9D339C7A4189}.Debug|Any CPU.ActiveCfg = Debug|Any CPU
		{37485D8B-B6F6-4339-AB3F-9D339C7A4189}.Debug|Any CPU.Build.0 = Debug|Any CPU
		{37485D8B-B6F6-4339-AB3F-9D339C7A4189}.Release|Any CPU.ActiveCfg = Release|Any CPU
		{37485D8B-B6F6-4339-AB3F-9D339C7A4189}.Release|Any CPU.Build.0 = Release|Any CPU
	EndGlobalSection
	GlobalSection(SolutionProperties) = preSolution
		HideSolutionNode = FALSE
	EndGlobalSection
	GlobalSection(ExtensibilityGlobals) = postSolution
		SolutionGuid = {94617CB5-7AAF-444C-8429-54CE9338D28A}
	EndGlobalSection
EndGlobal
